
Microsoft Visual Studio Solution File, Format Version 12.00
# Visual Studio Version 17
VisualStudioVersion = 17.7.34031.279
MinimumVisualStudioVersion = 10.0.40219.1
Project("{FAE04EC0-301F-11D3-BF4B-00C04F79EFBC}") = "Ejercicio1C", "Ejercicio1C.csproj", "{2DA488AF-137B-46FF-A8CC-560B40B42DAD}"
EndProject
Global
	GlobalSection(SolutionConfigurationPlatforms) = preSolution
		Debug|Any CPU = Debug|Any CPU
		Release|Any CPU = Release|Any CPU
	EndGlobalSection
	GlobalSection(ProjectConfigurationPlatforms) = postSolution
		{2DA488AF-137B-46FF-A8CC-560B40B42DAD}.Debug|Any CPU.ActiveCfg = Debug|Any CPU
		{2DA488AF-137B-46FF-A8CC-560B40B42DAD}.Debug|Any CPU.Build.0 = Debug|Any CPU
		{2DA488AF-137B-46FF-A8CC-560B40B42DAD}.Release|Any CPU.ActiveCfg = Release|Any CPU
		{2DA488AF-137B-46FF-A8CC-560B40B42DAD}.Release|Any CPU.Build.0 = Release|Any CPU
	EndGlobalSection
	GlobalSection(SolutionProperties) = preSolution
		HideSolutionNode = FALSE
	EndGlobalSection
	GlobalSection(ExtensibilityGlobals) = postSolution
		SolutionGuid = {11D386AF-3D49-4438-A662-BD4E5E45613E}
	EndGlobalSection
EndGlobal
